
Microsoft Visual Studio Solution File, Format Version 12.00
# Visual Studio Version 17
VisualStudioVersion = 17.14.36203.30 d17.14
MinimumVisualStudioVersion = 10.0.40219.1
Project("{FAE04EC0-301F-11D3-BF4B-00C04F79EFBC}") = "DoDacPhamGia", "DoDacPhamGia\DoDacPhamGia.csproj", "{AD0021F8-44BE-4F94-B497-CC1B681FBB5A}"
EndProject
Global
	GlobalSection(SolutionConfigurationPlatforms) = preSolution
		Debug|Any CPU = Debug|Any CPU
		Release|Any CPU = Release|Any CPU
	EndGlobalSection
	GlobalSection(ProjectConfigurationPlatforms) = postSolution
		{AD0021F8-44BE-4F94-B497-CC1B681FBB5A}.Debug|Any CPU.ActiveCfg = Debug|Any CPU
		{AD0021F8-44BE-4F94-B497-CC1B681FBB5A}.Debug|Any CPU.Build.0 = Debug|Any CPU
		{AD0021F8-44BE-4F94-B497-CC1B681FBB5A}.Release|Any CPU.ActiveCfg = Release|Any CPU
		{AD0021F8-44BE-4F94-B497-CC1B681FBB5A}.Release|Any CPU.Build.0 = Release|Any CPU
	EndGlobalSection
	GlobalSection(SolutionProperties) = preSolution
		HideSolutionNode = FALSE
	EndGlobalSection
	GlobalSection(ExtensibilityGlobals) = postSolution
		SolutionGuid = {789E9396-69B1-488E-80ED-6D1F6A56F9B3}
	EndGlobalSection
EndGlobal
